{
	"name": "@requem/dev-tools",
	"version": "1.0.0",
	"lockfileVersion": 3,
	"requires": true,
	"packages": {
		"": {
			"name": "@requem/dev-tools",
			"version": "1.0.0",
			"license": "ISC",
			"workspaces": [
				"tools/*"
			],
			"dependencies": {
				"prettier": "^3.5.3"
			}
		},
		"node_modules/prettier": {
			"resolved": "tools/prettier",
			"link": true
		},
		"tools/prettier": {
			"version": "1.0.0",
			"license": "ISC"
		}
	}
}
